<?xml version="1.0" encoding="utf-8"?>
<Project ToolsVersion="4.0" xmlns="http://schemas.microsoft.com/developer/msbuild/2003">
  <ItemGroup>
    <ClCompile Include="Main.cpp" />
    <ClCompile Include="D3DRenderer.cpp" />
    <ClCompile Include="WasapiRenderer.cpp" />
    <ClCompile Include="pch.cpp" />
    <ClCompile Include="Error.cpp" />
    <ClCompile Include="CommandLine.cpp" />
    <ClCompile Include="SaveFile.cpp" />
    <ClCompile Include="Host.cpp" />
    <ClCompile Include="Menu.cpp" />
    <ClCompile Include="App.cpp" />
    <ClCompile Include="DynamicSampleRate.cpp" />
    <ClCompile Include="QpcTimer.cpp" />
    <ClCompile Include="DefaultShaders.cpp" />
    <ClCompile Include="ScanlineShaders.cpp" />
    <ClCompile Include="Input.cpp" />
    <ClCompile Include="RewindBuffer.cpp" />
    <ClCompile Include="SplashRenderer.cpp" />
    <ClCompile Include="LogoGenerator.cpp" />
    <ClCompile Include="About.cpp" />
  </ItemGroup>
  <ItemGroup>
    <Image Include="nes.ico" />
  </ItemGroup>
  <ItemGroup>
    <ClInclude Include="resource.h" />
    <ClInclude Include="D3DRenderer.h" />
    <ClInclude Include="WasapiRenderer.h" />
    <ClInclude Include="pch.h" />
    <ClInclude Include="Error.h" />
    <ClInclude Include="Shell.h" />
    <ClInclude Include="CommandLine.h" />
    <ClInclude Include="Main.h" />
    <ClInclude Include="SaveFile.h" />
    <ClInclude Include="Host.h" />
    <ClInclude Include="Menu.h" />
    <ClInclude Include="App.h" />
    <ClInclude Include="DynamicSampleRate.h" />
    <ClInclude Include="QpcTimer.h" />
    <ClInclude Include="Shaders\ScanlinePixelShader.h" />
    <ClInclude Include="Shaders\ScanlineVertexShader.h" />
    <ClInclude Include="Shaders\DefaultPixelShader.h" />
    <ClInclude Include="Shaders\DefaultVertexShader.h" />
    <ClInclude Include="DefaultShaders.h" />
    <ClInclude Include="ScanlineShaders.h" />
    <ClInclude Include="Input.h" />
    <ClInclude Include="InputDevice.h" />
    <ClInclude Include="RewindBuffer.h" />
    <ClInclude Include="ExtendedButtons.h" />
    <ClInclude Include="SplashRenderer.h" />
    <ClInclude Include="Shaders\SplashVertexShader.h" />
    <ClInclude Include="Shaders\SplashPixelShader.h" />
    <ClInclude Include="LogoGenerator.h" />
    <ClInclude Include="About.h" />
    <ClInclude Include="Version.h" />
  </ItemGroup>
  <ItemGroup>
    <ResourceCompile Include="Resource.rc" />
  </ItemGroup>
  <ItemGroup>
    <FxCompile Include="Shaders\DefaultPixelShader.hlsl" />
    <FxCompile Include="Shaders\DefaultVertexShader.hlsl" />
    <FxCompile Include="Shaders\ScanlinePixelShader.hlsl" />
    <FxCompile Include="Shaders\ScanlineVertexShader.hlsl" />
    <FxCompile Include="Shaders\SplashVertexShader.hlsl" />
    <FxCompile Include="Shaders\SplashPixelShader.hlsl" />
  </ItemGroup>
  <ItemGroup>
    <None Include="packages.config" />
  </ItemGroup>
</Project>