<?xml version="1.0" encoding="utf-8"?>
<Project ToolsVersion="4.0" xmlns="http://schemas.microsoft.com/developer/msbuild/2003">
  <ItemGroup>
    <Filter Include="Resource Files">
      <UniqueIdentifier>{67DA6AB6-F800-4c08-8B7A-83BB121AAD01}</UniqueIdentifier>
      <Extensions>rc;ico;cur;bmp;dlg;rc2;rct;bin;rgs;gif;jpg;jpeg;jpe;resx;tiff;tif;png;wav;mfcribbon-ms</Extensions>
    </Filter>
  </ItemGroup>
  <ItemGroup>
    <ClInclude Include="Ppu.h" />
    <ClInclude Include="Bus.h" />
    <ClInclude Include="Display.h" />
    <ClInclude Include="Cpu.h" />
    <ClInclude Include="Controller.h" />
    <ClInclude Include="Cart.h" />
    <ClInclude Include="NesSystem.h" />
    <ClInclude Include="PpuSprites.h" />
    <ClInclude Include="PpuBackground.h" />
    <ClInclude Include="Apu.h" />
    <ClInclude Include="ApuPulse.h" />
    <ClInclude Include="ApuEnvelope.h" />
    <ClInclude Include="ApuFrameCounter.h" />
    <ClInclude Include="ApuLengthCounter.h" />
    <ClInclude Include="ApuSweep.h" />
    <ClInclude Include="ApuNoise.h" />
    <ClInclude Include="ApuTriangle.h" />
    <ClInclude Include="ApuDmc.h" />
    <ClInclude Include="CartDescriptor.h" />
    <ClInclude Include="MirrorMode.h" />
    <ClInclude Include="RomFile.h" />
    <ClInclude Include="GameDatabase.h" />
    <ClInclude Include="CartData.h" />
    <ClInclude Include="Crc32.h" />
    <ClInclude Include="EventQueue.h" />
    <ClInclude Include="SyncEvent.h" />
    <ClInclude Include="SystemState.h" />
    <ClInclude Include="BusState.h" />
    <ClInclude Include="CpuState.h" />
    <ClInclude Include="PpuState.h" />
    <ClInclude Include="PpuSpritesState.h" />
    <ClInclude Include="PpuBackgroundState.h" />
    <ClInclude Include="PpuCoreState.h" />
    <ClInclude Include="ApuCoreState.h" />
    <ClInclude Include="ApuState.h" />
    <ClInclude Include="ApuFrameCounterState.h" />
    <ClInclude Include="ApuPulseState.h" />
    <ClInclude Include="ApuEnvelopeState.h" />
    <ClInclude Include="ApuLengthCounterState.h" />
    <ClInclude Include="ApuSweepState.h" />
    <ClInclude Include="ApuPulseCoreState.h" />
    <ClInclude Include="ApuTriangleState.h" />
    <ClInclude Include="ApuTriangleCoreState.h" />
    <ClInclude Include="ApuNoiseCoreState.h" />
    <ClInclude Include="ApuNoiseState.h" />
    <ClInclude Include="ApuDmcState.h" />
    <ClInclude Include="CartState.h" />
    <ClInclude Include="CartCoreState.h" />
    <ClInclude Include="ControllerState.h" />
    <ClInclude Include="MapperType.h" />
    <ClInclude Include="ChrA12Sensitivity.h" />
    <ClInclude Include="ChrA12.h" />
    <ClInclude Include="SignalEdge.h" />
  </ItemGroup>
  <ItemGroup>
    <ClCompile Include="Ppu.cpp" />
    <ClCompile Include="Cpu.cpp" />
    <ClCompile Include="Bus.cpp" />
    <ClCompile Include="Display.cpp" />
    <ClCompile Include="Controller.cpp" />
    <ClCompile Include="Cart.cpp" />
    <ClCompile Include="NesSystem.cpp" />
    <ClCompile Include="PpuSprites.cpp" />
    <ClCompile Include="PpuBackground.cpp" />
    <ClCompile Include="Apu.cpp" />
    <ClCompile Include="ApuPulse.cpp" />
    <ClCompile Include="ApuFrameCounter.cpp" />
    <ClCompile Include="ApuEnvelope.cpp" />
    <ClCompile Include="ApuLengthCounter.cpp" />
    <ClCompile Include="ApuSweep.cpp" />
    <ClCompile Include="ApuNoise.cpp" />
    <ClCompile Include="ApuTriangle.cpp" />
    <ClCompile Include="ApuDmc.cpp" />
    <ClCompile Include="RomFile.cpp" />
    <ClCompile Include="GameDatabase.cpp" />
    <ClCompile Include="Crc32.cpp" />
    <ClCompile Include="EventQueue.cpp" />
    <ClCompile Include="BusState.cpp" />
    <ClCompile Include="CpuState.cpp" />
    <ClCompile Include="ChrA12.cpp" />
  </ItemGroup>
</Project>